// !$*UTF8*$!
{
	archiveVersion = 1;
	classes = {
	};
	objectVersion = 55;
	objects = {

/* Begin PBXBuildFile section */
		2566AAA928870616004594D8 /* AppDelegate.swift in Sources */ = {isa = PBXBuildFile; fileRef = 2566AAA828870616004594D8 /* AppDelegate.swift */; };
		2566AAAB28870616004594D8 /* SceneDelegate.swift in Sources */ = {isa = PBXBuildFile; fileRef = 2566AAAA28870616004594D8 /* SceneDelegate.swift */; };
		2566AAAD28870616004594D8 /* ViewController.swift in Sources */ = {isa = PBXBuildFile; fileRef = 2566AAAC28870616004594D8 /* ViewController.swift */; };
		2566AAB028870616004594D8 /* Main.storyboard in Resources */ = {isa = PBXBuildFile; fileRef = 2566AAAE28870616004594D8 /* Main.storyboard */; };
		2566AAB328870616004594D8 /* RecognitionForALLApp.xcdatamodeld in Sources */ = {isa = PBXBuildFile; fileRef = 2566AAB128870616004594D8 /* RecognitionForALLApp.xcdatamodeld */; };
		2566AAB528870616004594D8 /* Assets.xcassets in Resources */ = {isa = PBXBuildFile; fileRef = 2566AAB428870616004594D8 /* Assets.xcassets */; };
		2566AAB828870616004594D8 /* LaunchScreen.storyboard in Resources */ = {isa = PBXBuildFile; fileRef = 2566AAB628870616004594D8 /* LaunchScreen.storyboard */; };
		2566AAC328870617004594D8 /* RecognitionForALLAppTests.swift in Sources */ = {isa = PBXBuildFile; fileRef = 2566AAC228870617004594D8 /* RecognitionForALLAppTests.swift */; };
		2566AACD28870617004594D8 /* RecognitionForALLAppUITests.swift in Sources */ = {isa = PBXBuildFile; fileRef = 2566AACC28870617004594D8 /* RecognitionForALLAppUITests.swift */; };
		2566AACF28870617004594D8 /* RecognitionForALLAppUITestsLaunchTests.swift in Sources */ = {isa = PBXBuildFile; fileRef = 2566AACE28870617004594D8 /* RecognitionForALLAppUITestsLaunchTests.swift */; };
		25731BDE28899E9C009281AF /* ContactsViewController.swift in Sources */ = {isa = PBXBuildFile; fileRef = 25731BDD28899E9C009281AF /* ContactsViewController.swift */; };
		25731BE02889AD33009281AF /* GuyanaViewController.swift in Sources */ = {isa = PBXBuildFile; fileRef = 25731BDF2889AD33009281AF /* GuyanaViewController.swift */; };
		25892CE42888897D0036D4CC /* MapViewController.swift in Sources */ = {isa = PBXBuildFile; fileRef = 25892CE32888897D0036D4CC /* MapViewController.swift */; };
/* End PBXBuildFile section */

/* Begin PBXContainerItemProxy section */
		2566AABF28870617004594D8 /* PBXContainerItemProxy */ = {
			isa = PBXContainerItemProxy;
			containerPortal = 2566AA9D28870616004594D8 /* Project object */;
			proxyType = 1;
			remoteGlobalIDString = 2566AAA428870616004594D8;
			remoteInfo = RecognitionForALLApp;
		};
		2566AAC928870617004594D8 /* PBXContainerItemProxy */ = {
			isa = PBXContainerItemProxy;
			containerPortal = 2566AA9D28870616004594D8 /* Project object */;
			proxyType = 1;
			remoteGlobalIDString = 2566AAA428870616004594D8;
			remoteInfo = RecognitionForALLApp;
		};
/* End PBXContainerItemProxy section */

/* Begin PBXFileReference section */
		2566AAA528870616004594D8 /* RecognitionForALLApp.app */ = {isa = PBXFileReference; explicitFileType = wrapper.application; includeInIndex = 0; path = RecognitionForALLApp.app; sourceTree = BUILT_PRODUCTS_DIR; };
		2566AAA828870616004594D8 /* AppDelegate.swift */ = {isa = PBXFileReference; lastKnownFileType = sourcecode.swift; path = AppDelegate.swift; sourceTree = "<group>"; };
		2566AAAA28870616004594D8 /* SceneDelegate.swift */ = {isa = PBXFileReference; lastKnownFileType = sourcecode.swift; path = SceneDelegate.swift; sourceTree = "<group>"; };
		2566AAAC28870616004594D8 /* ViewController.swift */ = {isa = PBXFileReference; lastKnownFileType = sourcecode.swift; path = ViewController.swift; sourceTree = "<group>"; };
		2566AAAF28870616004594D8 /* Base */ = {isa = PBXFileReference; lastKnownFileType = file.storyboard; name = Base; path = Base.lproj/Main.storyboard; sourceTree = "<group>"; };
		2566AAB228870616004594D8 /* RecognitionForALLApp.xcdatamodel */ = {isa = PBXFileReference; lastKnownFileType = wrapper.xcdatamodel; path = RecognitionForALLApp.xcdatamodel; sourceTree = "<group>"; };
		2566AAB428870616004594D8 /* Assets.xcassets */ = {isa = PBXFileReference; lastKnownFileType = folder.assetcatalog; path = Assets.xcassets; sourceTree = "<group>"; };
		2566AAB728870616004594D8 /* Base */ = {isa = PBXFileReference; lastKnownFileType = file.storyboard; name = Base; path = Base.lproj/LaunchScreen.storyboard; sourceTree = "<group>"; };
		2566AAB928870616004594D8 /* Info.plist */ = {isa = PBXFileReference; lastKnownFileType = text.plist.xml; path = Info.plist; sourceTree = "<group>"; };
		2566AABE28870617004594D8 /* RecognitionForALLAppTests.xctest */ = {isa = PBXFileReference; explicitFileType = wrapper.cfbundle; includeInIndex = 0; path = RecognitionForALLAppTests.xctest; sourceTree = BUILT_PRODUCTS_DIR; };
		2566AAC228870617004594D8 /* RecognitionForALLAppTests.swift */ = {isa = PBXFileReference; lastKnownFileType = sourcecode.swift; path = RecognitionForALLAppTests.swift; sourceTree = "<group>"; };
		2566AAC828870617004594D8 /* RecognitionForALLAppUITests.xctest */ = {isa = PBXFileReference; explicitFileType = wrapper.cfbundle; includeInIndex = 0; path = RecognitionForALLAppUITests.xctest; sourceTree = BUILT_PRODUCTS_DIR; };
		2566AACC28870617004594D8 /* RecognitionForALLAppUITests.swift */ = {isa = PBXFileReference; lastKnownFileType = sourcecode.swift; path = RecognitionForALLAppUITests.swift; sourceTree = "<group>"; };
		2566AACE28870617004594D8 /* RecognitionForALLAppUITestsLaunchTests.swift */ = {isa = PBXFileReference; lastKnownFileType = sourcecode.swift; path = RecognitionForALLAppUITestsLaunchTests.swift; sourceTree = "<group>"; };
		25731BDD28899E9C009281AF /* ContactsViewController.swift */ = {isa = PBXFileReference; lastKnownFileType = sourcecode.swift; path = ContactsViewController.swift; sourceTree = "<group>"; };
		25731BDF2889AD33009281AF /* GuyanaViewController.swift */ = {isa = PBXFileReference; lastKnownFileType = sourcecode.swift; path = GuyanaViewController.swift; sourceTree = "<group>"; };
		25892CE32888897D0036D4CC /* MapViewController.swift */ = {isa = PBXFileReference; lastKnownFileType = sourcecode.swift; path = MapViewController.swift; sourceTree = "<group>"; };
/* End PBXFileReference section */

/* Begin PBXFrameworksBuildPhase section */
		2566AAA228870616004594D8 /* Frameworks */ = {
			isa = PBXFrameworksBuildPhase;
			buildActionMask = 2147483647;
			files = (
			);
			runOnlyForDeploymentPostprocessing = 0;
		};
		2566AABB28870617004594D8 /* Frameworks */ = {
			isa = PBXFrameworksBuildPhase;
			buildActionMask = 2147483647;
			files = (
			);
			runOnlyForDeploymentPostprocessing = 0;
		};
		2566AAC528870617004594D8 /* Frameworks */ = {
			isa = PBXFrameworksBuildPhase;
			buildActionMask = 2147483647;
			files = (
			);
			runOnlyForDeploymentPostprocessing = 0;
		};
/* End PBXFrameworksBuildPhase section */

/* Begin PBXGroup section */
		2566AA9C28870616004594D8 = {
			isa = PBXGroup;
			children = (
				2566AAA728870616004594D8 /* RecognitionForALLApp */,
				2566AAC128870617004594D8 /* RecognitionForALLAppTests */,
				2566AACB28870617004594D8 /* RecognitionForALLAppUITests */,
				2566AAA628870616004594D8 /* Products */,
			);
			sourceTree = "<group>";
		};
		2566AAA628870616004594D8 /* Products */ = {
			isa = PBXGroup;
			children = (
				2566AAA528870616004594D8 /* RecognitionForALLApp.app */,
				2566AABE28870617004594D8 /* RecognitionForALLAppTests.xctest */,
				2566AAC828870617004594D8 /* RecognitionForALLAppUITests.xctest */,
			);
			name = Products;
			sourceTree = "<group>";
		};
		2566AAA728870616004594D8 /* RecognitionForALLApp */ = {
			isa = PBXGroup;
			children = (
				2566AAA828870616004594D8 /* AppDelegate.swift */,
				2566AAAA28870616004594D8 /* SceneDelegate.swift */,
				25892CE32888897D0036D4CC /* MapViewController.swift */,
				25731BDF2889AD33009281AF /* GuyanaViewController.swift */,
				2566AAAC28870616004594D8 /* ViewController.swift */,
				25731BDD28899E9C009281AF /* ContactsViewController.swift */,
				2566AAAE28870616004594D8 /* Main.storyboard */,
				2566AAB428870616004594D8 /* Assets.xcassets */,
				2566AAB628870616004594D8 /* LaunchScreen.storyboard */,
				2566AAB928870616004594D8 /* Info.plist */,
				2566AAB128870616004594D8 /* RecognitionForALLApp.xcdatamodeld */,
			);
			path = RecognitionForALLApp;
			sourceTree = "<group>";
		};
		2566AAC128870617004594D8 /* RecognitionForALLAppTests */ = {
			isa = PBXGroup;
			children = (
				2566AAC228870617004594D8 /* RecognitionForALLAppTests.swift */,
			);
			path = RecognitionForALLAppTests;
			sourceTree = "<group>";
		};
		2566AACB28870617004594D8 /* RecognitionForALLAppUITests */ = {
			isa = PBXGroup;
			children = (
				2566AACC28870617004594D8 /* RecognitionForALLAppUITests.swift */,
				2566AACE28870617004594D8 /* RecognitionForALLAppUITestsLaunchTests.swift */,
			);
			path = RecognitionForALLAppUITests;
			sourceTree = "<group>";
		};
/* End PBXGroup section */

/* Begin PBXNativeTarget section */
		2566AAA428870616004594D8 /* RecognitionForALLApp */ = {
			isa = PBXNativeTarget;
			buildConfigurationList = 2566AAD228870617004594D8 /* Build configuration list for PBXNativeTarget "RecognitionForALLApp" */;
			buildPhases = (
				2566AAA128870616004594D8 /* Sources */,
				2566AAA228870616004594D8 /* Frameworks */,
				2566AAA328870616004594D8 /* Resources */,
			);
			buildRules = (
			);
			dependencies = (
			);
			name = RecognitionForALLApp;
			productName = RecognitionForALLApp;
			productReference = 2566AAA528870616004594D8 /* RecognitionForALLApp.app */;
			productType = "com.apple.product-type.application";
		};
		2566AABD28870617004594D8 /* RecognitionForALLAppTests */ = {
			isa = PBXNativeTarget;
			buildConfigurationList = 2566AAD528870617004594D8 /* Build configuration list for PBXNativeTarget "RecognitionForALLAppTests" */;
			buildPhases = (
				2566AABA28870617004594D8 /* Sources */,
				2566AABB28870617004594D8 /* Frameworks */,
				2566AABC28870617004594D8 /* Resources */,
			);
			buildRules = (
			);
			dependencies = (
				2566AAC028870617004594D8 /* PBXTargetDependency */,
			);
			name = RecognitionForALLAppTests;
			productName = RecognitionForALLAppTests;
			productReference = 2566AABE28870617004594D8 /* RecognitionForALLAppTests.xctest */;
			productType = "com.apple.product-type.bundle.unit-test";
		};
		2566AAC728870617004594D8 /* RecognitionForALLAppUITests */ = {
			isa = PBXNativeTarget;
			buildConfigurationList = 2566AAD828870617004594D8 /* Build configuration list for PBXNativeTarget "RecognitionForALLAppUITests" */;
			buildPhases = (
				2566AAC428870617004594D8 /* Sources */,
				2566AAC528870617004594D8 /* Frameworks */,
				2566AAC628870617004594D8 /* Resources */,
			);
			buildRules = (
			);
			dependencies = (
				2566AACA28870617004594D8 /* PBXTargetDependency */,
			);
			name = RecognitionForALLAppUITests;
			productName = RecognitionForALLAppUITests;
			productReference = 2566AAC828870617004594D8 /* RecognitionForALLAppUITests.xctest */;
			productType = "com.apple.product-type.bundle.ui-testing";
		};
/* End PBXNativeTarget section */

/* Begin PBXProject section */
		2566AA9D28870616004594D8 /* Project object */ = {
			isa = PBXProject;
			attributes = {
				BuildIndependentTargetsInParallel = 1;
				LastSwiftUpdateCheck = 1340;
				LastUpgradeCheck = 1340;
				TargetAttributes = {
					2566AAA428870616004594D8 = {
						CreatedOnToolsVersion = 13.4.1;
					};
					2566AABD28870617004594D8 = {
						CreatedOnToolsVersion = 13.4.1;
						TestTargetID = 2566AAA428870616004594D8;
					};
					2566AAC728870617004594D8 = {
						CreatedOnToolsVersion = 13.4.1;
						TestTargetID = 2566AAA428870616004594D8;
					};
				};
			};
			buildConfigurationList = 2566AAA028870616004594D8 /* Build configuration list for PBXProject "RecognitionForALLApp" */;
			compatibilityVersion = "Xcode 13.0";
			developmentRegion = en;
			hasScannedForEncodings = 0;
			knownRegions = (
				en,
				Base,
			);
			mainGroup = 2566AA9C28870616004594D8;
			productRefGroup = 2566AAA628870616004594D8 /* Products */;
			projectDirPath = "";
			projectRoot = "";
			targets = (
				2566AAA428870616004594D8 /* RecognitionForALLApp */,
				2566AABD28870617004594D8 /* RecognitionForALLAppTests */,
				2566AAC728870617004594D8 /* RecognitionForALLAppUITests */,
			);
		};
/* End PBXProject section */

/* Begin PBXResourcesBuildPhase section */
		2566AAA328870616004594D8 /* Resources */ = {
			isa = PBXResourcesBuildPhase;
			buildActionMask = 2147483647;
			files = (
				2566AAB828870616004594D8 /* LaunchScreen.storyboard in Resources */,
				2566AAB528870616004594D8 /* Assets.xcassets in Resources */,
				2566AAB028870616004594D8 /* Main.storyboard in Resources */,
			);
			runOnlyForDeploymentPostprocessing = 0;
		};
		2566AABC28870617004594D8 /* Resources */ = {
			isa = PBXResourcesBuildPhase;
			buildActionMask = 2147483647;
			files = (
			);
			runOnlyForDeploymentPostprocessing = 0;
		};
		2566AAC628870617004594D8 /* Resources */ = {
			isa = PBXResourcesBuildPhase;
			buildActionMask = 2147483647;
			files = (
			);
			runOnlyForDeploymentPostprocessing = 0;
		};
/* End PBXResourcesBuildPhase section */

/* Begin PBXSourcesBuildPhase section */
		2566AAA128870616004594D8 /* Sources */ = {
			isa = PBXSourcesBuildPhase;
			buildActionMask = 2147483647;
			files = (
				2566AAAD28870616004594D8 /* ViewController.swift in Sources */,
				2566AAB328870616004594D8 /* RecognitionForALLApp.xcdatamodeld in Sources */,
				2566AAA928870616004594D8 /* AppDelegate.swift in Sources */,
				25892CE42888897D0036D4CC /* MapViewController.swift in Sources */,
				2566AAAB28870616004594D8 /* SceneDelegate.swift in Sources */,
				25731BE02889AD33009281AF /* GuyanaViewController.swift in Sources */,
				25731BDE28899E9C009281AF /* ContactsViewController.swift in Sources */,
			);
			runOnlyForDeploymentPostprocessing = 0;
		};
		2566AABA28870617004594D8 /* Sources */ = {
			isa = PBXSourcesBuildPhase;
			buildActionMask = 2147483647;
			files = (
				2566AAC328870617004594D8 /* RecognitionForALLAppTests.swift in Sources */,
			);
			runOnlyForDeploymentPostprocessing = 0;
		};
		2566AAC428870617004594D8 /* Sources */ = {
			isa = PBXSourcesBuildPhase;
			buildActionMask = 2147483647;
			files = (
				2566AACF28870617004594D8 /* RecognitionForALLAppUITestsLaunchTests.swift in Sources */,
				2566AACD28870617004594D8 /* RecognitionForALLAppUITests.swift in Sources */,
			);
			runOnlyForDeploymentPostprocessing = 0;
		};
/* End PBXSourcesBuildPhase section */

/* Begin PBXTargetDependency section */
		2566AAC028870617004594D8 /* PBXTargetDependency */ = {
			isa = PBXTargetDependency;
			target = 2566AAA428870616004594D8 /* RecognitionForALLApp */;
			targetProxy = 2566AABF28870617004594D8 /* PBXContainerItemProxy */;
		};
		2566AACA28870617004594D8 /* PBXTargetDependency */ = {
			isa = PBXTargetDependency;
			target = 2566AAA428870616004594D8 /* RecognitionForALLApp */;
			targetProxy = 2566AAC928870617004594D8 /* PBXContainerItemProxy */;
		};
/* End PBXTargetDependency section */

/* Begin PBXVariantGroup section */
		2566AAAE28870616004594D8 /* Main.storyboard */ = {
			isa = PBXVariantGroup;
			children = (
				2566AAAF28870616004594D8 /* Base */,
			);
			name = Main.storyboard;
			sourceTree = "<group>";
		};
		2566AAB628870616004594D8 /* LaunchScreen.storyboard */ = {
			isa = PBXVariantGroup;
			children = (
				2566AAB728870616004594D8 /* Base */,
			);
			name = LaunchScreen.storyboard;
			sourceTree = "<group>";
		};
/* End PBXVariantGroup section */

/* Begin XCBuildConfiguration section */
		2566AAD028870617004594D8 /* Debug */ = {
			isa = XCBuildConfiguration;
			buildSettings = {
				ALWAYS_SEARCH_USER_PATHS = NO;
				CLANG_ANALYZER_NONNULL = YES;
				CLANG_ANALYZER_NUMBER_OBJECT_CONVERSION = YES_AGGRESSIVE;
				CLANG_CXX_LANGUAGE_STANDARD = "gnu++17";
				CLANG_ENABLE_MODULES = YES;
				CLANG_ENABLE_OBJC_ARC = YES;
				CLANG_ENABLE_OBJC_WEAK = YES;
				CLANG_WARN_BLOCK_CAPTURE_AUTORELEASING = YES;
				CLANG_WARN_BOOL_CONVERSION = YES;
				CLANG_WARN_COMMA = YES;
				CLANG_WARN_CONSTANT_CONVERSION = YES;
				CLANG_WARN_DEPRECATED_OBJC_IMPLEMENTATIONS = YES;
				CLANG_WARN_DIRECT_OBJC_ISA_USAGE = YES_ERROR;
				CLANG_WARN_DOCUMENTATION_COMMENTS = YES;
				CLANG_WARN_EMPTY_BODY = YES;
				CLANG_WARN_ENUM_CONVERSION = YES;
				CLANG_WARN_INFINITE_RECURSION = YES;
				CLANG_WARN_INT_CONVERSION = YES;
				CLANG_WARN_NON_LITERAL_NULL_CONVERSION = YES;
				CLANG_WARN_OBJC_IMPLICIT_RETAIN_SELF = YES;
				CLANG_WARN_OBJC_LITERAL_CONVERSION = YES;
				CLANG_WARN_OBJC_ROOT_CLASS = YES_ERROR;
				CLANG_WARN_QUOTED_INCLUDE_IN_FRAMEWORK_HEADER = YES;
				CLANG_WARN_RANGE_LOOP_ANALYSIS = YES;
				CLANG_WARN_STRICT_PROTOTYPES = YES;
				CLANG_WARN_SUSPICIOUS_MOVE = YES;
				CLANG_WARN_UNGUARDED_AVAILABILITY = YES_AGGRESSIVE;
				CLANG_WARN_UNREACHABLE_CODE = YES;
				CLANG_WARN__DUPLICATE_METHOD_MATCH = YES;
				COPY_PHASE_STRIP = NO;
				DEBUG_INFORMATION_FORMAT = dwarf;
				ENABLE_STRICT_OBJC_MSGSEND = YES;
				ENABLE_TESTABILITY = YES;
				GCC_C_LANGUAGE_STANDARD = gnu11;
				GCC_DYNAMIC_NO_PIC = NO;
				GCC_NO_COMMON_BLOCKS = YES;
				GCC_OPTIMIZATION_LEVEL = 0;
				GCC_PREPROCESSOR_DEFINITIONS = (
					"DEBUG=1",
					"$(inherited)",
				);
				GCC_WARN_64_TO_32_BIT_CONVERSION = YES;
				GCC_WARN_ABOUT_RETURN_TYPE = YES_ERROR;
				GCC_WARN_UNDECLARED_SELECTOR = YES;
				GCC_WARN_UNINITIALIZED_AUTOS = YES_AGGRESSIVE;
				GCC_WARN_UNUSED_FUNCTION = YES;
				GCC_WARN_UNUSED_VARIABLE = YES;
				IPHONEOS_DEPLOYMENT_TARGET = 15.5;
				MTL_ENABLE_DEBUG_INFO = INCLUDE_SOURCE;
				MTL_FAST_MATH = YES;
				ONLY_ACTIVE_ARCH = YES;
				SDKROOT = iphoneos;
				SWIFT_ACTIVE_COMPILATION_CONDITIONS = DEBUG;
				SWIFT_OPTIMIZATION_LEVEL = "-Onone";
			};
			name = Debug;
		};
		2566AAD128870617004594D8 /* Release */ = {
			isa = XCBuildConfiguration;
			buildSettings = {
				ALWAYS_SEARCH_USER_PATHS = NO;
				CLANG_ANALYZER_NONNULL = YES;
				CLANG_ANALYZER_NUMBER_OBJECT_CONVERSION = YES_AGGRESSIVE;
				CLANG_CXX_LANGUAGE_STANDARD = "gnu++17";
				CLANG_ENABLE_MODULES = YES;
				CLANG_ENABLE_OBJC_ARC = YES;
				CLANG_ENABLE_OBJC_WEAK = YES;
				CLANG_WARN_BLOCK_CAPTURE_AUTORELEASING = YES;
				CLANG_WARN_BOOL_CONVERSION = YES;
				CLANG_WARN_COMMA = YES;
				CLANG_WARN_CONSTANT_CONVERSION = YES;
				CLANG_WARN_DEPRECATED_OBJC_IMPLEMENTATIONS = YES;
				CLANG_WARN_DIRECT_OBJC_ISA_USAGE = YES_ERROR;
				CLANG_WARN_DOCUMENTATION_COMMENTS = YES;
				CLANG_WARN_EMPTY_BODY = YES;
				CLANG_WARN_ENUM_CONVERSION = YES;
				CLANG_WARN_INFINITE_RECURSION = YES;
				CLANG_WARN_INT_CONVERSION = YES;
				CLANG_WARN_NON_LITERAL_NULL_CONVERSION = YES;
				CLANG_WARN_OBJC_IMPLICIT_RETAIN_SELF = YES;
				CLANG_WARN_OBJC_LITERAL_CONVERSION = YES;
				CLANG_WARN_OBJC_ROOT_CLASS = YES_ERROR;
				CLANG_WARN_QUOTED_INCLUDE_IN_FRAMEWORK_HEADER = YES;
				CLANG_WARN_RANGE_LOOP_ANALYSIS = YES;
				CLANG_WARN_STRICT_PROTOTYPES = YES;
				CLANG_WARN_SUSPICIOUS_MOVE = YES;
				CLANG_WARN_UNGUARDED_AVAILABILITY = YES_AGGRESSIVE;
				CLANG_WARN_UNREACHABLE_CODE = YES;
				CLANG_WARN__DUPLICATE_METHOD_MATCH = YES;
				COPY_PHASE_STRIP = NO;
				DEBUG_INFORMATION_FORMAT = "dwarf-with-dsym";
				ENABLE_NS_ASSERTIONS = NO;
				ENABLE_STRICT_OBJC_MSGSEND = YES;
				GCC_C_LANGUAGE_STANDARD = gnu11;
				GCC_NO_COMMON_BLOCKS = YES;
				GCC_WARN_64_TO_32_BIT_CONVERSION = YES;
				GCC_WARN_ABOUT_RETURN_TYPE = YES_ERROR;
				GCC_WARN_UNDECLARED_SELECTOR = YES;
				GCC_WARN_UNINITIALIZED_AUTOS = YES_AGGRESSIVE;
				GCC_WARN_UNUSED_FUNCTION = YES;
				GCC_WARN_UNUSED_VARIABLE = YES;
				IPHONEOS_DEPLOYMENT_TARGET = 15.5;
				MTL_ENABLE_DEBUG_INFO = NO;
				MTL_FAST_MATH = YES;
				SDKROOT = iphoneos;
				SWIFT_COMPILATION_MODE = wholemodule;
				SWIFT_OPTIMIZATION_LEVEL = "-O";
				VALIDATE_PRODUCT = YES;
			};
			name = Release;
		};
		2566AAD328870617004594D8 /* Debug */ = {
			isa = XCBuildConfiguration;
			buildSettings = {
				ASSETCATALOG_COMPILER_APPICON_NAME = AppIcon;
				ASSETCATALOG_COMPILER_GLOBAL_ACCENT_COLOR_NAME = AccentColor;
				CODE_SIGN_STYLE = Automatic;
				CURRENT_PROJECT_VERSION = 1;
				DEVELOPMENT_TEAM = X4BZ5Y4JKG;
				GENERATE_INFOPLIST_FILE = YES;
				INFOPLIST_FILE = RecognitionForALLApp/Info.plist;
				INFOPLIST_KEY_UIApplicationSupportsIndirectInputEvents = YES;
				INFOPLIST_KEY_UILaunchStoryboardName = LaunchScreen;
				INFOPLIST_KEY_UIMainStoryboardFile = Main;
				INFOPLIST_KEY_UISupportedInterfaceOrientations_iPad = "UIInterfaceOrientationPortrait UIInterfaceOrientationPortraitUpsideDown UIInterfaceOrientationLandscapeLeft UIInterfaceOrientationLandscapeRight";
				INFOPLIST_KEY_UISupportedInterfaceOrientations_iPhone = "UIInterfaceOrientationPortrait UIInterfaceOrientationLandscapeLeft UIInterfaceOrientationLandscapeRight";
				LD_RUNPATH_SEARCH_PATHS = (
					"$(inherited)",
					"@executable_path/Frameworks",
				);
				MARKETING_VERSION = 1.0;
				PRODUCT_BUNDLE_IDENTIFIER = "Krista-Singh.RecognitionForALLApp";
				PRODUCT_NAME = "$(TARGET_NAME)";
				SWIFT_EMIT_LOC_STRINGS = YES;
				SWIFT_VERSION = 5.0;
				TARGETED_DEVICE_FAMILY = "1,2";
			};
			name = Debug;
		};
		2566AAD428870617004594D8 /* Release */ = {
			isa = XCBuildConfiguration;
			buildSettings = {
				ASSETCATALOG_COMPILER_APPICON_NAME = AppIcon;
				ASSETCATALOG_COMPILER_GLOBAL_ACCENT_COLOR_NAME = AccentColor;
				CODE_SIGN_STYLE = Automatic;
				CURRENT_PROJECT_VERSION = 1;
				DEVELOPMENT_TEAM = X4BZ5Y4JKG;
				GENERATE_INFOPLIST_FILE = YES;
				INFOPLIST_FILE = RecognitionForALLApp/Info.plist;
				INFOPLIST_KEY_UIApplicationSupportsIndirectInputEvents = YES;
				INFOPLIST_KEY_UILaunchStoryboardName = LaunchScreen;
				INFOPLIST_KEY_UIMainStoryboardFile = Main;
				INFOPLIST_KEY_UISupportedInterfaceOrientations_iPad = "UIInterfaceOrientationPortrait UIInterfaceOrientationPortraitUpsideDown UIInterfaceOrientationLandscapeLeft UIInterfaceOrientationLandscapeRight";
				INFOPLIST_KEY_UISupportedInterfaceOrientations_iPhone = "UIInterfaceOrientationPortrait UIInterfaceOrientationLandscapeLeft UIInterfaceOrientationLandscapeRight";
				LD_RUNPATH_SEARCH_PATHS = (
					"$(inherited)",
					"@executable_path/Frameworks",
				);
				MARKETING_VERSION = 1.0;
				PRODUCT_BUNDLE_IDENTIFIER = "Krista-Singh.RecognitionForALLApp";
				PRODUCT_NAME = "$(TARGET_NAME)";
				SWIFT_EMIT_LOC_STRINGS = YES;
				SWIFT_VERSION = 5.0;
				TARGETED_DEVICE_FAMILY = "1,2";
			};
			name = Release;
		};
		2566AAD628870617004594D8 /* Debug */ = {
			isa = XCBuildConfiguration;
			buildSettings = {
				ALWAYS_EMBED_SWIFT_STANDARD_LIBRARIES = YES;
				BUNDLE_LOADER = "$(TEST_HOST)";
				CODE_SIGN_STYLE = Automatic;
				CURRENT_PROJECT_VERSION = 1;
				DEVELOPMENT_TEAM = X4BZ5Y4JKG;
				GENERATE_INFOPLIST_FILE = YES;
				IPHONEOS_DEPLOYMENT_TARGET = 15.5;
				MARKETING_VERSION = 1.0;
				PRODUCT_BUNDLE_IDENTIFIER = "Krista-Singh.RecognitionForALLAppTests";
				PRODUCT_NAME = "$(TARGET_NAME)";
				SWIFT_EMIT_LOC_STRINGS = NO;
				SWIFT_VERSION = 5.0;
				TARGETED_DEVICE_FAMILY = "1,2";
				TEST_HOST = "$(BUILT_PRODUCTS_DIR)/RecognitionForALLApp.app/RecognitionForALLApp";
			};
			name = Debug;
		};
		2566AAD728870617004594D8 /* Release */ = {
			isa = XCBuildConfiguration;
			buildSettings = {
				ALWAYS_EMBED_SWIFT_STANDARD_LIBRARIES = YES;
				BUNDLE_LOADER = "$(TEST_HOST)";
				CODE_SIGN_STYLE = Automatic;
				CURRENT_PROJECT_VERSION = 1;
				DEVELOPMENT_TEAM = X4BZ5Y4JKG;
				GENERATE_INFOPLIST_FILE = YES;
				IPHONEOS_DEPLOYMENT_TARGET = 15.5;
				MARKETING_VERSION = 1.0;
				PRODUCT_BUNDLE_IDENTIFIER = "Krista-Singh.RecognitionForALLAppTests";
				PRODUCT_NAME = "$(TARGET_NAME)";
				SWIFT_EMIT_LOC_STRINGS = NO;
				SWIFT_VERSION = 5.0;
				TARGETED_DEVICE_FAMILY = "1,2";
				TEST_HOST = "$(BUILT_PRODUCTS_DIR)/RecognitionForALLApp.app/RecognitionForALLApp";
			};
			name = Release;
		};
		2566AAD928870617004594D8 /* Debug */ = {
			isa = XCBuildConfiguration;
			buildSettings = {
				ALWAYS_EMBED_SWIFT_STANDARD_LIBRARIES = YES;
				CODE_SIGN_STYLE = Automatic;
				CURRENT_PROJECT_VERSION = 1;
				DEVELOPMENT_TEAM = X4BZ5Y4JKG;
				GENERATE_INFOPLIST_FILE = YES;
				MARKETING_VERSION = 1.0;
				PRODUCT_BUNDLE_IDENTIFIER = "Krista-Singh.RecognitionForALLAppUITests";
				PRODUCT_NAME = "$(TARGET_NAME)";
				SWIFT_EMIT_LOC_STRINGS = NO;
				SWIFT_VERSION = 5.0;
				TARGETED_DEVICE_FAMILY = "1,2";
				TEST_TARGET_NAME = RecognitionForALLApp;
			};
			name = Debug;
		};
		2566AADA28870617004594D8 /* Release */ = {
			isa = XCBuildConfiguration;
			buildSettings = {
				ALWAYS_EMBED_SWIFT_STANDARD_LIBRARIES = YES;
				CODE_SIGN_STYLE = Automatic;
				CURRENT_PROJECT_VERSION = 1;
				DEVELOPMENT_TEAM = X4BZ5Y4JKG;
				GENERATE_INFOPLIST_FILE = YES;
				MARKETING_VERSION = 1.0;
				PRODUCT_BUNDLE_IDENTIFIER = "Krista-Singh.RecognitionForALLAppUITests";
				PRODUCT_NAME = "$(TARGET_NAME)";
				SWIFT_EMIT_LOC_STRINGS = NO;
				SWIFT_VERSION = 5.0;
				TARGETED_DEVICE_FAMILY = "1,2";
				TEST_TARGET_NAME = RecognitionForALLApp;
			};
			name = Release;
		};
/* End XCBuildConfiguration section */

/* Begin XCConfigurationList section */
		2566AAA028870616004594D8 /* Build configuration list for PBXProject "RecognitionForALLApp" */ = {
			isa = XCConfigurationList;
			buildConfigurations = (
				2566AAD028870617004594D8 /* Debug */,
				2566AAD128870617004594D8 /* Release */,
			);
			defaultConfigurationIsVisible = 0;
			defaultConfigurationName = Release;
		};
		2566AAD228870617004594D8 /* Build configuration list for PBXNativeTarget "RecognitionForALLApp" */ = {
			isa = XCConfigurationList;
			buildConfigurations = (
				2566AAD328870617004594D8 /* Debug */,
				2566AAD428870617004594D8 /* Release */,
			);
			defaultConfigurationIsVisible = 0;
			defaultConfigurationName = Release;
		};
		2566AAD528870617004594D8 /* Build configuration list for PBXNativeTarget "RecognitionForALLAppTests" */ = {
			isa = XCConfigurationList;
			buildConfigurations = (
				2566AAD628870617004594D8 /* Debug */,
				2566AAD728870617004594D8 /* Release */,
			);
			defaultConfigurationIsVisible = 0;
			defaultConfigurationName = Release;
		};
		2566AAD828870617004594D8 /* Build configuration list for PBXNativeTarget "RecognitionForALLAppUITests" */ = {
			isa = XCConfigurationList;
			buildConfigurations = (
				2566AAD928870617004594D8 /* Debug */,
				2566AADA28870617004594D8 /* Release */,
			);
			defaultConfigurationIsVisible = 0;
			defaultConfigurationName = Release;
		};
/* End XCConfigurationList section */

/* Begin XCVersionGroup section */
		2566AAB128870616004594D8 /* RecognitionForALLApp.xcdatamodeld */ = {
			isa = XCVersionGroup;
			children = (
				2566AAB228870616004594D8 /* RecognitionForALLApp.xcdatamodel */,
			);
			currentVersion = 2566AAB228870616004594D8 /* RecognitionForALLApp.xcdatamodel */;
			path = RecognitionForALLApp.xcdatamodeld;
			sourceTree = "<group>";
			versionGroupType = wrapper.xcdatamodel;
		};
/* End XCVersionGroup section */
	};
	rootObject = 2566AA9D28870616004594D8 /* Project object */;
}
